
Microsoft Visual Studio Solution File, Format Version 12.00
# Visual Studio 2012
Project("{2150E333-8FDC-42A3-9474-1A3956D46DE8}") = "src", "src", "{A0F5CC7E-155F-4726-8DEB-E966950B3FE9}"
EndProject
Project("{2150E333-8FDC-42A3-9474-1A3956D46DE8}") = "samples", "samples", "{F88D727A-9F9C-43D9-90B1-D4A02BF8BC98}"
EndProject
Project("{2150E333-8FDC-42A3-9474-1A3956D46DE8}") = "test", "test", "{EBB55F65-7D07-4281-8D5E-7B0CA88E1AD0}"
EndProject
Project("{FAE04EC0-301F-11D3-BF4B-00C04F79EFBC}") = "EasyCaching.Core", "src\EasyCaching.Core\EasyCaching.Core.csproj", "{CE61FAA2-0233-451C-991D-4222ED61C84B}"
EndProject
Project("{FAE04EC0-301F-11D3-BF4B-00C04F79EFBC}") = "EasyCaching.Memory", "src\EasyCaching.Memory\EasyCaching.Memory.csproj", "{B9490432-737B-4518-B851-9D40FD29B392}"
EndProject
Project("{FAE04EC0-301F-11D3-BF4B-00C04F79EFBC}") = "EasyCaching.Extensions", "src\EasyCaching.Extensions\EasyCaching.Extensions.csproj", "{679ABDB5-7218-4B4E-A632-10612750CD74}"
EndProject
Project("{FAE04EC0-301F-11D3-BF4B-00C04F79EFBC}") = "EasyCaching.Demo.Interceptor", "sample\EasyCaching.Demo.Interceptor\EasyCaching.Demo.Interceptor.csproj", "{C94E91EB-1F55-40E7-9A69-BBFEF740839C}"
EndProject
Project("{FAE04EC0-301F-11D3-BF4B-00C04F79EFBC}") = "EasyCaching.SQLite", "src\EasyCaching.SQLite\EasyCaching.SQLite.csproj", "{09FCF125-522E-4C0F-9CF0-0377A3F2A1A0}"
EndProject
Project("{FAE04EC0-301F-11D3-BF4B-00C04F79EFBC}") = "EasyCaching.Redis", "src\EasyCaching.Redis\EasyCaching.Redis.csproj", "{7F72FA56-C4E8-4EF5-963D-FC4174453574}"
EndProject
Project("{FAE04EC0-301F-11D3-BF4B-00C04F79EFBC}") = "EasyCaching.Memcached", "src\EasyCaching.Memcached\EasyCaching.Memcached.csproj", "{D5626647-1E42-4584-BC42-354D8BD94FE7}"
EndProject
Project("{FAE04EC0-301F-11D3-BF4B-00C04F79EFBC}") = "EasyCaching.PubSub.Redis", "src\EasyCaching.PubSub.Redis\EasyCaching.PubSub.Redis.csproj", "{87C958D7-6C6C-4DD2-8F2A-30C86C3AC0E4}"
EndProject
Project("{FAE04EC0-301F-11D3-BF4B-00C04F79EFBC}") = "EasyCaching.Serialization.Json", "src\EasyCaching.Serialization.Json\EasyCaching.Serialization.Json.csproj", "{B9C904D1-1A43-4540-A49A-07C516F1EC64}"
EndProject
Project("{FAE04EC0-301F-11D3-BF4B-00C04F79EFBC}") = "EasyCaching.Serialization.Json.Test", "test\EasyCaching.Serialization.Json.Test\EasyCaching.Serialization.Json.Test.csproj", "{67DEEF6D-A213-4D78-9DFE-C847642C0F00}"
EndProject
Project("{FAE04EC0-301F-11D3-BF4B-00C04F79EFBC}") = "EasyCaching.Memory.Test", "test\EasyCaching.Memory.Test\EasyCaching.Memory.Test.csproj", "{B52F1215-3EC3-44C1-B7A2-CF8ABC17AB55}"
EndProject
Project("{FAE04EC0-301F-11D3-BF4B-00C04F79EFBC}") = "EasyCaching.Demo.Redis", "sample\EasyCaching.Demo.Redis\EasyCaching.Demo.Redis.csproj", "{2D291C35-3D2B-4669-A7E4-C34D09BA6AC8}"
EndProject
Project("{FAE04EC0-301F-11D3-BF4B-00C04F79EFBC}") = "EasyCaching.Redis.Test", "test\EasyCaching.Redis.Test\EasyCaching.Redis.Test.csproj", "{AC232A5E-1223-48DF-9BB0-D149E54D0AB0}"
EndProject
Global
	GlobalSection(SolutionConfigurationPlatforms) = preSolution
		Debug|Any CPU = Debug|Any CPU
		Release|Any CPU = Release|Any CPU
	EndGlobalSection
	GlobalSection(ProjectConfigurationPlatforms) = postSolution
		{CE61FAA2-0233-451C-991D-4222ED61C84B}.Debug|Any CPU.ActiveCfg = Debug|Any CPU
		{CE61FAA2-0233-451C-991D-4222ED61C84B}.Debug|Any CPU.Build.0 = Debug|Any CPU
		{CE61FAA2-0233-451C-991D-4222ED61C84B}.Release|Any CPU.ActiveCfg = Release|Any CPU
		{CE61FAA2-0233-451C-991D-4222ED61C84B}.Release|Any CPU.Build.0 = Release|Any CPU
		{B9490432-737B-4518-B851-9D40FD29B392}.Debug|Any CPU.ActiveCfg = Debug|Any CPU
		{B9490432-737B-4518-B851-9D40FD29B392}.Debug|Any CPU.Build.0 = Debug|Any CPU
		{B9490432-737B-4518-B851-9D40FD29B392}.Release|Any CPU.ActiveCfg = Release|Any CPU
		{B9490432-737B-4518-B851-9D40FD29B392}.Release|Any CPU.Build.0 = Release|Any CPU
		{679ABDB5-7218-4B4E-A632-10612750CD74}.Debug|Any CPU.ActiveCfg = Debug|Any CPU
		{679ABDB5-7218-4B4E-A632-10612750CD74}.Debug|Any CPU.Build.0 = Debug|Any CPU
		{679ABDB5-7218-4B4E-A632-10612750CD74}.Release|Any CPU.ActiveCfg = Release|Any CPU
		{679ABDB5-7218-4B4E-A632-10612750CD74}.Release|Any CPU.Build.0 = Release|Any CPU
		{C94E91EB-1F55-40E7-9A69-BBFEF740839C}.Debug|Any CPU.ActiveCfg = Debug|Any CPU
		{C94E91EB-1F55-40E7-9A69-BBFEF740839C}.Debug|Any CPU.Build.0 = Debug|Any CPU
		{C94E91EB-1F55-40E7-9A69-BBFEF740839C}.Release|Any CPU.ActiveCfg = Release|Any CPU
		{C94E91EB-1F55-40E7-9A69-BBFEF740839C}.Release|Any CPU.Build.0 = Release|Any CPU
		{09FCF125-522E-4C0F-9CF0-0377A3F2A1A0}.Debug|Any CPU.ActiveCfg = Debug|Any CPU
		{09FCF125-522E-4C0F-9CF0-0377A3F2A1A0}.Debug|Any CPU.Build.0 = Debug|Any CPU
		{09FCF125-522E-4C0F-9CF0-0377A3F2A1A0}.Release|Any CPU.ActiveCfg = Release|Any CPU
		{09FCF125-522E-4C0F-9CF0-0377A3F2A1A0}.Release|Any CPU.Build.0 = Release|Any CPU
		{7F72FA56-C4E8-4EF5-963D-FC4174453574}.Debug|Any CPU.ActiveCfg = Debug|Any CPU
		{7F72FA56-C4E8-4EF5-963D-FC4174453574}.Debug|Any CPU.Build.0 = Debug|Any CPU
		{7F72FA56-C4E8-4EF5-963D-FC4174453574}.Release|Any CPU.ActiveCfg = Release|Any CPU
		{7F72FA56-C4E8-4EF5-963D-FC4174453574}.Release|Any CPU.Build.0 = Release|Any CPU
		{D5626647-1E42-4584-BC42-354D8BD94FE7}.Debug|Any CPU.ActiveCfg = Debug|Any CPU
		{D5626647-1E42-4584-BC42-354D8BD94FE7}.Debug|Any CPU.Build.0 = Debug|Any CPU
		{D5626647-1E42-4584-BC42-354D8BD94FE7}.Release|Any CPU.ActiveCfg = Release|Any CPU
		{D5626647-1E42-4584-BC42-354D8BD94FE7}.Release|Any CPU.Build.0 = Release|Any CPU
		{87C958D7-6C6C-4DD2-8F2A-30C86C3AC0E4}.Debug|Any CPU.ActiveCfg = Debug|Any CPU
		{87C958D7-6C6C-4DD2-8F2A-30C86C3AC0E4}.Debug|Any CPU.Build.0 = Debug|Any CPU
		{87C958D7-6C6C-4DD2-8F2A-30C86C3AC0E4}.Release|Any CPU.ActiveCfg = Release|Any CPU
		{87C958D7-6C6C-4DD2-8F2A-30C86C3AC0E4}.Release|Any CPU.Build.0 = Release|Any CPU
		{B9C904D1-1A43-4540-A49A-07C516F1EC64}.Debug|Any CPU.ActiveCfg = Debug|Any CPU
		{B9C904D1-1A43-4540-A49A-07C516F1EC64}.Debug|Any CPU.Build.0 = Debug|Any CPU
		{B9C904D1-1A43-4540-A49A-07C516F1EC64}.Release|Any CPU.ActiveCfg = Release|Any CPU
		{B9C904D1-1A43-4540-A49A-07C516F1EC64}.Release|Any CPU.Build.0 = Release|Any CPU
		{67DEEF6D-A213-4D78-9DFE-C847642C0F00}.Debug|Any CPU.ActiveCfg = Debug|Any CPU
		{67DEEF6D-A213-4D78-9DFE-C847642C0F00}.Debug|Any CPU.Build.0 = Debug|Any CPU
		{67DEEF6D-A213-4D78-9DFE-C847642C0F00}.Release|Any CPU.ActiveCfg = Release|Any CPU
		{67DEEF6D-A213-4D78-9DFE-C847642C0F00}.Release|Any CPU.Build.0 = Release|Any CPU
		{B52F1215-3EC3-44C1-B7A2-CF8ABC17AB55}.Debug|Any CPU.ActiveCfg = Debug|Any CPU
		{B52F1215-3EC3-44C1-B7A2-CF8ABC17AB55}.Debug|Any CPU.Build.0 = Debug|Any CPU
		{B52F1215-3EC3-44C1-B7A2-CF8ABC17AB55}.Release|Any CPU.ActiveCfg = Release|Any CPU
		{B52F1215-3EC3-44C1-B7A2-CF8ABC17AB55}.Release|Any CPU.Build.0 = Release|Any CPU
		{2D291C35-3D2B-4669-A7E4-C34D09BA6AC8}.Debug|Any CPU.ActiveCfg = Debug|Any CPU
		{2D291C35-3D2B-4669-A7E4-C34D09BA6AC8}.Debug|Any CPU.Build.0 = Debug|Any CPU
		{2D291C35-3D2B-4669-A7E4-C34D09BA6AC8}.Release|Any CPU.ActiveCfg = Release|Any CPU
		{2D291C35-3D2B-4669-A7E4-C34D09BA6AC8}.Release|Any CPU.Build.0 = Release|Any CPU
		{AC232A5E-1223-48DF-9BB0-D149E54D0AB0}.Debug|Any CPU.ActiveCfg = Debug|Any CPU
		{AC232A5E-1223-48DF-9BB0-D149E54D0AB0}.Debug|Any CPU.Build.0 = Debug|Any CPU
		{AC232A5E-1223-48DF-9BB0-D149E54D0AB0}.Release|Any CPU.ActiveCfg = Release|Any CPU
		{AC232A5E-1223-48DF-9BB0-D149E54D0AB0}.Release|Any CPU.Build.0 = Release|Any CPU
	EndGlobalSection
	GlobalSection(NestedProjects) = preSolution
		{CE61FAA2-0233-451C-991D-4222ED61C84B} = {A0F5CC7E-155F-4726-8DEB-E966950B3FE9}
		{B9490432-737B-4518-B851-9D40FD29B392} = {A0F5CC7E-155F-4726-8DEB-E966950B3FE9}
		{679ABDB5-7218-4B4E-A632-10612750CD74} = {A0F5CC7E-155F-4726-8DEB-E966950B3FE9}
		{C94E91EB-1F55-40E7-9A69-BBFEF740839C} = {F88D727A-9F9C-43D9-90B1-D4A02BF8BC98}
		{09FCF125-522E-4C0F-9CF0-0377A3F2A1A0} = {A0F5CC7E-155F-4726-8DEB-E966950B3FE9}
		{7F72FA56-C4E8-4EF5-963D-FC4174453574} = {A0F5CC7E-155F-4726-8DEB-E966950B3FE9}
		{D5626647-1E42-4584-BC42-354D8BD94FE7} = {A0F5CC7E-155F-4726-8DEB-E966950B3FE9}
		{87C958D7-6C6C-4DD2-8F2A-30C86C3AC0E4} = {A0F5CC7E-155F-4726-8DEB-E966950B3FE9}
		{B9C904D1-1A43-4540-A49A-07C516F1EC64} = {A0F5CC7E-155F-4726-8DEB-E966950B3FE9}
		{67DEEF6D-A213-4D78-9DFE-C847642C0F00} = {EBB55F65-7D07-4281-8D5E-7B0CA88E1AD0}
		{B52F1215-3EC3-44C1-B7A2-CF8ABC17AB55} = {EBB55F65-7D07-4281-8D5E-7B0CA88E1AD0}
		{2D291C35-3D2B-4669-A7E4-C34D09BA6AC8} = {F88D727A-9F9C-43D9-90B1-D4A02BF8BC98}
		{AC232A5E-1223-48DF-9BB0-D149E54D0AB0} = {EBB55F65-7D07-4281-8D5E-7B0CA88E1AD0}
	EndGlobalSection
EndGlobal
