
Microsoft Visual Studio Solution File, Format Version 12.00
# Visual Studio 2012
Project("{2150E333-8FDC-42A3-9474-1A3956D46DE8}") = "src", "src", "{A0F5CC7E-155F-4726-8DEB-E966950B3FE9}"
EndProject
Project("{2150E333-8FDC-42A3-9474-1A3956D46DE8}") = "samples", "samples", "{F88D727A-9F9C-43D9-90B1-D4A02BF8BC98}"
EndProject
Project("{2150E333-8FDC-42A3-9474-1A3956D46DE8}") = "test", "test", "{EBB55F65-7D07-4281-8D5E-7B0CA88E1AD0}"
EndProject
Project("{FAE04EC0-301F-11D3-BF4B-00C04F79EFBC}") = "EasyCaching.Core", "src\EasyCaching.Core\EasyCaching.Core.csproj", "{CE61FAA2-0233-451C-991D-4222ED61C84B}"
EndProject
Project("{FAE04EC0-301F-11D3-BF4B-00C04F79EFBC}") = "EasyCaching.InMemory", "src\EasyCaching.InMemory\EasyCaching.InMemory.csproj", "{B9490432-737B-4518-B851-9D40FD29B392}"
EndProject
Project("{FAE04EC0-301F-11D3-BF4B-00C04F79EFBC}") = "EasyCaching.SQLite", "src\EasyCaching.SQLite\EasyCaching.SQLite.csproj", "{09FCF125-522E-4C0F-9CF0-0377A3F2A1A0}"
EndProject
Project("{FAE04EC0-301F-11D3-BF4B-00C04F79EFBC}") = "EasyCaching.Redis", "src\EasyCaching.Redis\EasyCaching.Redis.csproj", "{7F72FA56-C4E8-4EF5-963D-FC4174453574}"
EndProject
Project("{FAE04EC0-301F-11D3-BF4B-00C04F79EFBC}") = "EasyCaching.Memcached", "src\EasyCaching.Memcached\EasyCaching.Memcached.csproj", "{D5626647-1E42-4584-BC42-354D8BD94FE7}"
EndProject
Project("{FAE04EC0-301F-11D3-BF4B-00C04F79EFBC}") = "EasyCaching.Demo.Redis", "sample\EasyCaching.Demo.Redis\EasyCaching.Demo.Redis.csproj", "{2D291C35-3D2B-4669-A7E4-C34D09BA6AC8}"
EndProject
Project("{FAE04EC0-301F-11D3-BF4B-00C04F79EFBC}") = "EasyCaching.UnitTests", "test\EasyCaching.UnitTests\EasyCaching.UnitTests.csproj", "{93E7EF96-D44A-4400-BA75-169C0F3FDAC5}"
EndProject
Project("{FAE04EC0-301F-11D3-BF4B-00C04F79EFBC}") = "EasyCaching.Demo.Memcached", "sample\EasyCaching.Demo.Memcached\EasyCaching.Demo.Memcached.csproj", "{7F30B7AF-6149-4464-B682-1857270E64DD}"
EndProject
Project("{FAE04EC0-301F-11D3-BF4B-00C04F79EFBC}") = "EasyCaching.Serialization.MessagePack", "src\EasyCaching.Serialization.MessagePack\EasyCaching.Serialization.MessagePack.csproj", "{50D8C42C-1BC0-4133-8B70-63A6649DBD74}"
EndProject
Project("{FAE04EC0-301F-11D3-BF4B-00C04F79EFBC}") = "EasyCaching.Demo.InMemory", "sample\EasyCaching.Demo.InMemory\EasyCaching.Demo.InMemory.csproj", "{CF1734C0-BDD3-4E71-957A-5FEA6008DE16}"
EndProject
Project("{FAE04EC0-301F-11D3-BF4B-00C04F79EFBC}") = "EasyCaching.Interceptor.AspectCore", "src\EasyCaching.Interceptor.AspectCore\EasyCaching.Interceptor.AspectCore.csproj", "{BED4832E-A790-42A6-978D-E0C1A215E638}"
EndProject
Project("{FAE04EC0-301F-11D3-BF4B-00C04F79EFBC}") = "EasyCaching.Bus.Redis", "src\EasyCaching.Bus.Redis\EasyCaching.Bus.Redis.csproj", "{07326A03-B144-469F-837B-31DD3E0EB1AC}"
EndProject
Project("{FAE04EC0-301F-11D3-BF4B-00C04F79EFBC}") = "EasyCaching.Bus.RabbitMQ", "src\EasyCaching.Bus.RabbitMQ\EasyCaching.Bus.RabbitMQ.csproj", "{265FB0C5-2C34-438D-B671-63836954EB5A}"
EndProject
Project("{FAE04EC0-301F-11D3-BF4B-00C04F79EFBC}") = "EasyCaching.Demo.SQLite", "sample\EasyCaching.Demo.SQLite\EasyCaching.Demo.SQLite.csproj", "{9DD08645-38D0-4EB8-8127-347512B1DF4C}"
EndProject
Project("{FAE04EC0-301F-11D3-BF4B-00C04F79EFBC}") = "EasyCaching.Interceptor.Castle", "src\EasyCaching.Interceptor.Castle\EasyCaching.Interceptor.Castle.csproj", "{7B55B6D9-4221-4E82-AED6-BEC9A60C99D2}"
EndProject
Project("{FAE04EC0-301F-11D3-BF4B-00C04F79EFBC}") = "EasyCaching.Demo.Interceptor.Castle", "sample\EasyCaching.Demo.Interceptor.Castle\EasyCaching.Demo.Interceptor.Castle.csproj", "{C343BF4C-F025-4DB6-8A9B-DE8B12DCCAAE}"
EndProject
Project("{FAE04EC0-301F-11D3-BF4B-00C04F79EFBC}") = "EasyCaching.Demo.Interceptor.AspectCore", "sample\EasyCaching.Demo.Interceptor.AspectCore\EasyCaching.Demo.Interceptor.AspectCore.csproj", "{36D12667-E5C2-4C91-A450-A070DE07A3E6}"
EndProject
Project("{FAE04EC0-301F-11D3-BF4B-00C04F79EFBC}") = "EasyCaching.HybridCache", "src\EasyCaching.HybridCache\EasyCaching.HybridCache.csproj", "{013F6582-CF26-4F5A-BE0B-B383347CF656}"
EndProject
Project("{FAE04EC0-301F-11D3-BF4B-00C04F79EFBC}") = "EasyCaching.Demo.HybridCache", "sample\EasyCaching.Demo.HybridCache\EasyCaching.Demo.HybridCache.csproj", "{E287B21A-9025-46D0-B67B-19DA2C0BBC8E}"
EndProject
Global
	GlobalSection(SolutionConfigurationPlatforms) = preSolution
		Debug|Any CPU = Debug|Any CPU
		Release|Any CPU = Release|Any CPU
	EndGlobalSection
	GlobalSection(ProjectConfigurationPlatforms) = postSolution
		{CE61FAA2-0233-451C-991D-4222ED61C84B}.Debug|Any CPU.ActiveCfg = Debug|Any CPU
		{CE61FAA2-0233-451C-991D-4222ED61C84B}.Debug|Any CPU.Build.0 = Debug|Any CPU
		{CE61FAA2-0233-451C-991D-4222ED61C84B}.Release|Any CPU.ActiveCfg = Release|Any CPU
		{CE61FAA2-0233-451C-991D-4222ED61C84B}.Release|Any CPU.Build.0 = Release|Any CPU
		{B9490432-737B-4518-B851-9D40FD29B392}.Debug|Any CPU.ActiveCfg = Debug|Any CPU
		{B9490432-737B-4518-B851-9D40FD29B392}.Debug|Any CPU.Build.0 = Debug|Any CPU
		{B9490432-737B-4518-B851-9D40FD29B392}.Release|Any CPU.ActiveCfg = Release|Any CPU
		{B9490432-737B-4518-B851-9D40FD29B392}.Release|Any CPU.Build.0 = Release|Any CPU
		{09FCF125-522E-4C0F-9CF0-0377A3F2A1A0}.Debug|Any CPU.ActiveCfg = Debug|Any CPU
		{09FCF125-522E-4C0F-9CF0-0377A3F2A1A0}.Debug|Any CPU.Build.0 = Debug|Any CPU
		{09FCF125-522E-4C0F-9CF0-0377A3F2A1A0}.Release|Any CPU.ActiveCfg = Release|Any CPU
		{09FCF125-522E-4C0F-9CF0-0377A3F2A1A0}.Release|Any CPU.Build.0 = Release|Any CPU
		{7F72FA56-C4E8-4EF5-963D-FC4174453574}.Debug|Any CPU.ActiveCfg = Debug|Any CPU
		{7F72FA56-C4E8-4EF5-963D-FC4174453574}.Debug|Any CPU.Build.0 = Debug|Any CPU
		{7F72FA56-C4E8-4EF5-963D-FC4174453574}.Release|Any CPU.ActiveCfg = Release|Any CPU
		{7F72FA56-C4E8-4EF5-963D-FC4174453574}.Release|Any CPU.Build.0 = Release|Any CPU
		{D5626647-1E42-4584-BC42-354D8BD94FE7}.Debug|Any CPU.ActiveCfg = Debug|Any CPU
		{D5626647-1E42-4584-BC42-354D8BD94FE7}.Debug|Any CPU.Build.0 = Debug|Any CPU
		{D5626647-1E42-4584-BC42-354D8BD94FE7}.Release|Any CPU.ActiveCfg = Release|Any CPU
		{D5626647-1E42-4584-BC42-354D8BD94FE7}.Release|Any CPU.Build.0 = Release|Any CPU
		{2D291C35-3D2B-4669-A7E4-C34D09BA6AC8}.Debug|Any CPU.ActiveCfg = Debug|Any CPU
		{2D291C35-3D2B-4669-A7E4-C34D09BA6AC8}.Debug|Any CPU.Build.0 = Debug|Any CPU
		{2D291C35-3D2B-4669-A7E4-C34D09BA6AC8}.Release|Any CPU.ActiveCfg = Release|Any CPU
		{2D291C35-3D2B-4669-A7E4-C34D09BA6AC8}.Release|Any CPU.Build.0 = Release|Any CPU
		{93E7EF96-D44A-4400-BA75-169C0F3FDAC5}.Debug|Any CPU.ActiveCfg = Debug|Any CPU
		{93E7EF96-D44A-4400-BA75-169C0F3FDAC5}.Debug|Any CPU.Build.0 = Debug|Any CPU
		{93E7EF96-D44A-4400-BA75-169C0F3FDAC5}.Release|Any CPU.ActiveCfg = Release|Any CPU
		{93E7EF96-D44A-4400-BA75-169C0F3FDAC5}.Release|Any CPU.Build.0 = Release|Any CPU
		{7F30B7AF-6149-4464-B682-1857270E64DD}.Debug|Any CPU.ActiveCfg = Debug|Any CPU
		{7F30B7AF-6149-4464-B682-1857270E64DD}.Debug|Any CPU.Build.0 = Debug|Any CPU
		{7F30B7AF-6149-4464-B682-1857270E64DD}.Release|Any CPU.ActiveCfg = Release|Any CPU
		{7F30B7AF-6149-4464-B682-1857270E64DD}.Release|Any CPU.Build.0 = Release|Any CPU
		{50D8C42C-1BC0-4133-8B70-63A6649DBD74}.Debug|Any CPU.ActiveCfg = Debug|Any CPU
		{50D8C42C-1BC0-4133-8B70-63A6649DBD74}.Debug|Any CPU.Build.0 = Debug|Any CPU
		{50D8C42C-1BC0-4133-8B70-63A6649DBD74}.Release|Any CPU.ActiveCfg = Release|Any CPU
		{50D8C42C-1BC0-4133-8B70-63A6649DBD74}.Release|Any CPU.Build.0 = Release|Any CPU
		{CF1734C0-BDD3-4E71-957A-5FEA6008DE16}.Debug|Any CPU.ActiveCfg = Debug|Any CPU
		{CF1734C0-BDD3-4E71-957A-5FEA6008DE16}.Debug|Any CPU.Build.0 = Debug|Any CPU
		{CF1734C0-BDD3-4E71-957A-5FEA6008DE16}.Release|Any CPU.ActiveCfg = Release|Any CPU
		{CF1734C0-BDD3-4E71-957A-5FEA6008DE16}.Release|Any CPU.Build.0 = Release|Any CPU
		{BED4832E-A790-42A6-978D-E0C1A215E638}.Debug|Any CPU.ActiveCfg = Debug|Any CPU
		{BED4832E-A790-42A6-978D-E0C1A215E638}.Debug|Any CPU.Build.0 = Debug|Any CPU
		{BED4832E-A790-42A6-978D-E0C1A215E638}.Release|Any CPU.ActiveCfg = Release|Any CPU
		{BED4832E-A790-42A6-978D-E0C1A215E638}.Release|Any CPU.Build.0 = Release|Any CPU
		{07326A03-B144-469F-837B-31DD3E0EB1AC}.Debug|Any CPU.ActiveCfg = Debug|Any CPU
		{07326A03-B144-469F-837B-31DD3E0EB1AC}.Debug|Any CPU.Build.0 = Debug|Any CPU
		{07326A03-B144-469F-837B-31DD3E0EB1AC}.Release|Any CPU.ActiveCfg = Release|Any CPU
		{07326A03-B144-469F-837B-31DD3E0EB1AC}.Release|Any CPU.Build.0 = Release|Any CPU
		{265FB0C5-2C34-438D-B671-63836954EB5A}.Debug|Any CPU.ActiveCfg = Debug|Any CPU
		{265FB0C5-2C34-438D-B671-63836954EB5A}.Debug|Any CPU.Build.0 = Debug|Any CPU
		{265FB0C5-2C34-438D-B671-63836954EB5A}.Release|Any CPU.ActiveCfg = Release|Any CPU
		{265FB0C5-2C34-438D-B671-63836954EB5A}.Release|Any CPU.Build.0 = Release|Any CPU
		{9DD08645-38D0-4EB8-8127-347512B1DF4C}.Debug|Any CPU.ActiveCfg = Debug|Any CPU
		{9DD08645-38D0-4EB8-8127-347512B1DF4C}.Debug|Any CPU.Build.0 = Debug|Any CPU
		{9DD08645-38D0-4EB8-8127-347512B1DF4C}.Release|Any CPU.ActiveCfg = Release|Any CPU
		{9DD08645-38D0-4EB8-8127-347512B1DF4C}.Release|Any CPU.Build.0 = Release|Any CPU
		{7B55B6D9-4221-4E82-AED6-BEC9A60C99D2}.Debug|Any CPU.ActiveCfg = Debug|Any CPU
		{7B55B6D9-4221-4E82-AED6-BEC9A60C99D2}.Debug|Any CPU.Build.0 = Debug|Any CPU
		{7B55B6D9-4221-4E82-AED6-BEC9A60C99D2}.Release|Any CPU.ActiveCfg = Release|Any CPU
		{7B55B6D9-4221-4E82-AED6-BEC9A60C99D2}.Release|Any CPU.Build.0 = Release|Any CPU
		{C343BF4C-F025-4DB6-8A9B-DE8B12DCCAAE}.Debug|Any CPU.ActiveCfg = Debug|Any CPU
		{C343BF4C-F025-4DB6-8A9B-DE8B12DCCAAE}.Debug|Any CPU.Build.0 = Debug|Any CPU
		{C343BF4C-F025-4DB6-8A9B-DE8B12DCCAAE}.Release|Any CPU.ActiveCfg = Release|Any CPU
		{C343BF4C-F025-4DB6-8A9B-DE8B12DCCAAE}.Release|Any CPU.Build.0 = Release|Any CPU
		{36D12667-E5C2-4C91-A450-A070DE07A3E6}.Debug|Any CPU.ActiveCfg = Debug|Any CPU
		{36D12667-E5C2-4C91-A450-A070DE07A3E6}.Debug|Any CPU.Build.0 = Debug|Any CPU
		{36D12667-E5C2-4C91-A450-A070DE07A3E6}.Release|Any CPU.ActiveCfg = Release|Any CPU
		{36D12667-E5C2-4C91-A450-A070DE07A3E6}.Release|Any CPU.Build.0 = Release|Any CPU
		{013F6582-CF26-4F5A-BE0B-B383347CF656}.Debug|Any CPU.ActiveCfg = Debug|Any CPU
		{013F6582-CF26-4F5A-BE0B-B383347CF656}.Debug|Any CPU.Build.0 = Debug|Any CPU
		{013F6582-CF26-4F5A-BE0B-B383347CF656}.Release|Any CPU.ActiveCfg = Release|Any CPU
		{013F6582-CF26-4F5A-BE0B-B383347CF656}.Release|Any CPU.Build.0 = Release|Any CPU
		{E287B21A-9025-46D0-B67B-19DA2C0BBC8E}.Debug|Any CPU.ActiveCfg = Debug|Any CPU
		{E287B21A-9025-46D0-B67B-19DA2C0BBC8E}.Debug|Any CPU.Build.0 = Debug|Any CPU
		{E287B21A-9025-46D0-B67B-19DA2C0BBC8E}.Release|Any CPU.ActiveCfg = Release|Any CPU
		{E287B21A-9025-46D0-B67B-19DA2C0BBC8E}.Release|Any CPU.Build.0 = Release|Any CPU
	EndGlobalSection
	GlobalSection(NestedProjects) = preSolution
		{CE61FAA2-0233-451C-991D-4222ED61C84B} = {A0F5CC7E-155F-4726-8DEB-E966950B3FE9}
		{B9490432-737B-4518-B851-9D40FD29B392} = {A0F5CC7E-155F-4726-8DEB-E966950B3FE9}
		{09FCF125-522E-4C0F-9CF0-0377A3F2A1A0} = {A0F5CC7E-155F-4726-8DEB-E966950B3FE9}
		{7F72FA56-C4E8-4EF5-963D-FC4174453574} = {A0F5CC7E-155F-4726-8DEB-E966950B3FE9}
		{D5626647-1E42-4584-BC42-354D8BD94FE7} = {A0F5CC7E-155F-4726-8DEB-E966950B3FE9}
		{2D291C35-3D2B-4669-A7E4-C34D09BA6AC8} = {F88D727A-9F9C-43D9-90B1-D4A02BF8BC98}
		{93E7EF96-D44A-4400-BA75-169C0F3FDAC5} = {EBB55F65-7D07-4281-8D5E-7B0CA88E1AD0}
		{7F30B7AF-6149-4464-B682-1857270E64DD} = {F88D727A-9F9C-43D9-90B1-D4A02BF8BC98}
		{50D8C42C-1BC0-4133-8B70-63A6649DBD74} = {A0F5CC7E-155F-4726-8DEB-E966950B3FE9}
		{CF1734C0-BDD3-4E71-957A-5FEA6008DE16} = {F88D727A-9F9C-43D9-90B1-D4A02BF8BC98}
		{BED4832E-A790-42A6-978D-E0C1A215E638} = {A0F5CC7E-155F-4726-8DEB-E966950B3FE9}
		{07326A03-B144-469F-837B-31DD3E0EB1AC} = {A0F5CC7E-155F-4726-8DEB-E966950B3FE9}
		{265FB0C5-2C34-438D-B671-63836954EB5A} = {A0F5CC7E-155F-4726-8DEB-E966950B3FE9}
		{9DD08645-38D0-4EB8-8127-347512B1DF4C} = {F88D727A-9F9C-43D9-90B1-D4A02BF8BC98}
		{7B55B6D9-4221-4E82-AED6-BEC9A60C99D2} = {A0F5CC7E-155F-4726-8DEB-E966950B3FE9}
		{C343BF4C-F025-4DB6-8A9B-DE8B12DCCAAE} = {F88D727A-9F9C-43D9-90B1-D4A02BF8BC98}
		{36D12667-E5C2-4C91-A450-A070DE07A3E6} = {F88D727A-9F9C-43D9-90B1-D4A02BF8BC98}
		{013F6582-CF26-4F5A-BE0B-B383347CF656} = {A0F5CC7E-155F-4726-8DEB-E966950B3FE9}
		{E287B21A-9025-46D0-B67B-19DA2C0BBC8E} = {F88D727A-9F9C-43D9-90B1-D4A02BF8BC98}
	EndGlobalSection
EndGlobal
