
Microsoft Visual Studio Solution File, Format Version 12.00
# Visual Studio 2012
Project("{2150E333-8FDC-42A3-9474-1A3956D46DE8}") = "src", "src", "{A0F5CC7E-155F-4726-8DEB-E966950B3FE9}"
EndProject
Project("{2150E333-8FDC-42A3-9474-1A3956D46DE8}") = "samples", "samples", "{F88D727A-9F9C-43D9-90B1-D4A02BF8BC98}"
EndProject
Project("{2150E333-8FDC-42A3-9474-1A3956D46DE8}") = "test", "test", "{EBB55F65-7D07-4281-8D5E-7B0CA88E1AD0}"
EndProject
Project("{FAE04EC0-301F-11D3-BF4B-00C04F79EFBC}") = "EasyCaching.Core", "src\EasyCaching.Core\EasyCaching.Core.csproj", "{CE61FAA2-0233-451C-991D-4222ED61C84B}"
EndProject
Project("{FAE04EC0-301F-11D3-BF4B-00C04F79EFBC}") = "EasyCaching.InMemory", "src\EasyCaching.InMemory\EasyCaching.InMemory.csproj", "{B9490432-737B-4518-B851-9D40FD29B392}"
EndProject
Project("{FAE04EC0-301F-11D3-BF4B-00C04F79EFBC}") = "EasyCaching.Serialization.MessagePack", "src\EasyCaching.Serialization.MessagePack\EasyCaching.Serialization.MessagePack.csproj", "{50D8C42C-1BC0-4133-8B70-63A6649DBD74}"
EndProject
Project("{FAE04EC0-301F-11D3-BF4B-00C04F79EFBC}") = "EasyCaching.Interceptor.AspectCore", "src\EasyCaching.Interceptor.AspectCore\EasyCaching.Interceptor.AspectCore.csproj", "{BED4832E-A790-42A6-978D-E0C1A215E638}"
EndProject
Project("{FAE04EC0-301F-11D3-BF4B-00C04F79EFBC}") = "EasyCaching.Bus.Redis", "src\EasyCaching.Bus.Redis\EasyCaching.Bus.Redis.csproj", "{07326A03-B144-469F-837B-31DD3E0EB1AC}"
EndProject
Project("{FAE04EC0-301F-11D3-BF4B-00C04F79EFBC}") = "EasyCaching.Bus.RabbitMQ", "src\EasyCaching.Bus.RabbitMQ\EasyCaching.Bus.RabbitMQ.csproj", "{265FB0C5-2C34-438D-B671-63836954EB5A}"
EndProject
Project("{FAE04EC0-301F-11D3-BF4B-00C04F79EFBC}") = "EasyCaching.Interceptor.Castle", "src\EasyCaching.Interceptor.Castle\EasyCaching.Interceptor.Castle.csproj", "{7B55B6D9-4221-4E82-AED6-BEC9A60C99D2}"
EndProject
Project("{FAE04EC0-301F-11D3-BF4B-00C04F79EFBC}") = "EasyCaching.Serialization.Json", "src\EasyCaching.Serialization.Json\EasyCaching.Serialization.Json.csproj", "{F0302BE8-188A-4EAF-8391-514CA9352DB3}"
EndProject
Project("{FAE04EC0-301F-11D3-BF4B-00C04F79EFBC}") = "EasyCaching.Serialization.Protobuf", "src\EasyCaching.Serialization.Protobuf\EasyCaching.Serialization.Protobuf.csproj", "{3AAEDDBA-5037-4061-84E5-667F89C11F8E}"
EndProject
Project("{FAE04EC0-301F-11D3-BF4B-00C04F79EFBC}") = "EasyCaching.ResponseCaching", "src\EasyCaching.ResponseCaching\EasyCaching.ResponseCaching.csproj", "{261EE728-4965-4C0E-B99B-3B188442263A}"
EndProject
Project("{FAE04EC0-301F-11D3-BF4B-00C04F79EFBC}") = "EasyCaching.Demo.Providers", "sample\EasyCaching.Demo.Providers\EasyCaching.Demo.Providers.csproj", "{4193DF5A-E034-4917-83F4-380E8D7DCF83}"
EndProject
Project("{FAE04EC0-301F-11D3-BF4B-00C04F79EFBC}") = "EasyCaching.Demo.Interceptors", "sample\EasyCaching.Demo.Interceptors\EasyCaching.Demo.Interceptors.csproj", "{F7DD4826-1375-42B3-97BA-37685460282E}"
EndProject
Project("{FAE04EC0-301F-11D3-BF4B-00C04F79EFBC}") = "EasyCaching.SQLite", "src\EasyCaching.SQLite\EasyCaching.SQLite.csproj", "{50089D69-50CF-49B7-8939-59C309A22336}"
EndProject
Project("{FAE04EC0-301F-11D3-BF4B-00C04F79EFBC}") = "EasyCaching.Redis", "src\EasyCaching.Redis\EasyCaching.Redis.csproj", "{F58E5C6F-407F-4E80-9282-2028E9810F55}"
EndProject
Project("{FAE04EC0-301F-11D3-BF4B-00C04F79EFBC}") = "EasyCaching.Memcached", "src\EasyCaching.Memcached\EasyCaching.Memcached.csproj", "{709D2333-42A7-45E6-B175-E630DCC1D807}"
EndProject
Project("{FAE04EC0-301F-11D3-BF4B-00C04F79EFBC}") = "EasyCaching.HybridCache", "src\EasyCaching.HybridCache\EasyCaching.HybridCache.csproj", "{18DB08CD-B8CC-4409-9C7C-2906BCAA8827}"
EndProject
Project("{FAE04EC0-301F-11D3-BF4B-00C04F79EFBC}") = "EasyCaching.Demo.ResponseCaching", "sample\EasyCaching.Demo.ResponseCaching\EasyCaching.Demo.ResponseCaching.csproj", "{76A5C2E3-6525-45A0-9CE7-649F3235A443}"
EndProject
Project("{FAE04EC0-301F-11D3-BF4B-00C04F79EFBC}") = "EasyCaching.UnitTests", "test\EasyCaching.UnitTests\EasyCaching.UnitTests.csproj", "{2A8D7103-DF64-47B6-A406-8F8559AF7E7F}"
EndProject
Project("{FAE04EC0-301F-11D3-BF4B-00C04F79EFBC}") = "EasyCaching.PerformanceTests", "test\EasyCaching.PerformanceTests\EasyCaching.PerformanceTests.csproj", "{6EBE36A2-F128-4C63-B90A-B700D8C2F2E8}"
EndProject
Project("{FAE04EC0-301F-11D3-BF4B-00C04F79EFBC}") = "EasyCaching.CSRedis", "src\EasyCaching.CSRedis\EasyCaching.CSRedis.csproj", "{6584761E-E51C-408F-BE51-CA0F6269589B}"
EndProject
Global
	GlobalSection(SolutionConfigurationPlatforms) = preSolution
		Debug|Any CPU = Debug|Any CPU
		Release|Any CPU = Release|Any CPU
	EndGlobalSection
	GlobalSection(ProjectConfigurationPlatforms) = postSolution
		{CE61FAA2-0233-451C-991D-4222ED61C84B}.Debug|Any CPU.ActiveCfg = Debug|Any CPU
		{CE61FAA2-0233-451C-991D-4222ED61C84B}.Debug|Any CPU.Build.0 = Debug|Any CPU
		{CE61FAA2-0233-451C-991D-4222ED61C84B}.Release|Any CPU.ActiveCfg = Release|Any CPU
		{CE61FAA2-0233-451C-991D-4222ED61C84B}.Release|Any CPU.Build.0 = Release|Any CPU
		{B9490432-737B-4518-B851-9D40FD29B392}.Debug|Any CPU.ActiveCfg = Debug|Any CPU
		{B9490432-737B-4518-B851-9D40FD29B392}.Debug|Any CPU.Build.0 = Debug|Any CPU
		{B9490432-737B-4518-B851-9D40FD29B392}.Release|Any CPU.ActiveCfg = Release|Any CPU
		{B9490432-737B-4518-B851-9D40FD29B392}.Release|Any CPU.Build.0 = Release|Any CPU
		{50D8C42C-1BC0-4133-8B70-63A6649DBD74}.Debug|Any CPU.ActiveCfg = Debug|Any CPU
		{50D8C42C-1BC0-4133-8B70-63A6649DBD74}.Debug|Any CPU.Build.0 = Debug|Any CPU
		{50D8C42C-1BC0-4133-8B70-63A6649DBD74}.Release|Any CPU.ActiveCfg = Release|Any CPU
		{50D8C42C-1BC0-4133-8B70-63A6649DBD74}.Release|Any CPU.Build.0 = Release|Any CPU
		{BED4832E-A790-42A6-978D-E0C1A215E638}.Debug|Any CPU.ActiveCfg = Debug|Any CPU
		{BED4832E-A790-42A6-978D-E0C1A215E638}.Debug|Any CPU.Build.0 = Debug|Any CPU
		{BED4832E-A790-42A6-978D-E0C1A215E638}.Release|Any CPU.ActiveCfg = Release|Any CPU
		{BED4832E-A790-42A6-978D-E0C1A215E638}.Release|Any CPU.Build.0 = Release|Any CPU
		{07326A03-B144-469F-837B-31DD3E0EB1AC}.Debug|Any CPU.ActiveCfg = Debug|Any CPU
		{07326A03-B144-469F-837B-31DD3E0EB1AC}.Debug|Any CPU.Build.0 = Debug|Any CPU
		{07326A03-B144-469F-837B-31DD3E0EB1AC}.Release|Any CPU.ActiveCfg = Release|Any CPU
		{07326A03-B144-469F-837B-31DD3E0EB1AC}.Release|Any CPU.Build.0 = Release|Any CPU
		{265FB0C5-2C34-438D-B671-63836954EB5A}.Debug|Any CPU.ActiveCfg = Debug|Any CPU
		{265FB0C5-2C34-438D-B671-63836954EB5A}.Debug|Any CPU.Build.0 = Debug|Any CPU
		{265FB0C5-2C34-438D-B671-63836954EB5A}.Release|Any CPU.ActiveCfg = Release|Any CPU
		{265FB0C5-2C34-438D-B671-63836954EB5A}.Release|Any CPU.Build.0 = Release|Any CPU
		{7B55B6D9-4221-4E82-AED6-BEC9A60C99D2}.Debug|Any CPU.ActiveCfg = Debug|Any CPU
		{7B55B6D9-4221-4E82-AED6-BEC9A60C99D2}.Debug|Any CPU.Build.0 = Debug|Any CPU
		{7B55B6D9-4221-4E82-AED6-BEC9A60C99D2}.Release|Any CPU.ActiveCfg = Release|Any CPU
		{7B55B6D9-4221-4E82-AED6-BEC9A60C99D2}.Release|Any CPU.Build.0 = Release|Any CPU
		{F0302BE8-188A-4EAF-8391-514CA9352DB3}.Debug|Any CPU.ActiveCfg = Debug|Any CPU
		{F0302BE8-188A-4EAF-8391-514CA9352DB3}.Debug|Any CPU.Build.0 = Debug|Any CPU
		{F0302BE8-188A-4EAF-8391-514CA9352DB3}.Release|Any CPU.ActiveCfg = Release|Any CPU
		{F0302BE8-188A-4EAF-8391-514CA9352DB3}.Release|Any CPU.Build.0 = Release|Any CPU
		{3AAEDDBA-5037-4061-84E5-667F89C11F8E}.Debug|Any CPU.ActiveCfg = Debug|Any CPU
		{3AAEDDBA-5037-4061-84E5-667F89C11F8E}.Debug|Any CPU.Build.0 = Debug|Any CPU
		{3AAEDDBA-5037-4061-84E5-667F89C11F8E}.Release|Any CPU.ActiveCfg = Release|Any CPU
		{3AAEDDBA-5037-4061-84E5-667F89C11F8E}.Release|Any CPU.Build.0 = Release|Any CPU
		{261EE728-4965-4C0E-B99B-3B188442263A}.Debug|Any CPU.ActiveCfg = Debug|Any CPU
		{261EE728-4965-4C0E-B99B-3B188442263A}.Debug|Any CPU.Build.0 = Debug|Any CPU
		{261EE728-4965-4C0E-B99B-3B188442263A}.Release|Any CPU.ActiveCfg = Release|Any CPU
		{261EE728-4965-4C0E-B99B-3B188442263A}.Release|Any CPU.Build.0 = Release|Any CPU
		{4193DF5A-E034-4917-83F4-380E8D7DCF83}.Debug|Any CPU.ActiveCfg = Debug|Any CPU
		{4193DF5A-E034-4917-83F4-380E8D7DCF83}.Debug|Any CPU.Build.0 = Debug|Any CPU
		{4193DF5A-E034-4917-83F4-380E8D7DCF83}.Release|Any CPU.ActiveCfg = Release|Any CPU
		{4193DF5A-E034-4917-83F4-380E8D7DCF83}.Release|Any CPU.Build.0 = Release|Any CPU
		{F7DD4826-1375-42B3-97BA-37685460282E}.Debug|Any CPU.ActiveCfg = Debug|Any CPU
		{F7DD4826-1375-42B3-97BA-37685460282E}.Debug|Any CPU.Build.0 = Debug|Any CPU
		{F7DD4826-1375-42B3-97BA-37685460282E}.Release|Any CPU.ActiveCfg = Release|Any CPU
		{F7DD4826-1375-42B3-97BA-37685460282E}.Release|Any CPU.Build.0 = Release|Any CPU
		{50089D69-50CF-49B7-8939-59C309A22336}.Debug|Any CPU.ActiveCfg = Debug|Any CPU
		{50089D69-50CF-49B7-8939-59C309A22336}.Debug|Any CPU.Build.0 = Debug|Any CPU
		{50089D69-50CF-49B7-8939-59C309A22336}.Release|Any CPU.ActiveCfg = Release|Any CPU
		{50089D69-50CF-49B7-8939-59C309A22336}.Release|Any CPU.Build.0 = Release|Any CPU
		{F58E5C6F-407F-4E80-9282-2028E9810F55}.Debug|Any CPU.ActiveCfg = Debug|Any CPU
		{F58E5C6F-407F-4E80-9282-2028E9810F55}.Debug|Any CPU.Build.0 = Debug|Any CPU
		{F58E5C6F-407F-4E80-9282-2028E9810F55}.Release|Any CPU.ActiveCfg = Release|Any CPU
		{F58E5C6F-407F-4E80-9282-2028E9810F55}.Release|Any CPU.Build.0 = Release|Any CPU
		{709D2333-42A7-45E6-B175-E630DCC1D807}.Debug|Any CPU.ActiveCfg = Debug|Any CPU
		{709D2333-42A7-45E6-B175-E630DCC1D807}.Debug|Any CPU.Build.0 = Debug|Any CPU
		{709D2333-42A7-45E6-B175-E630DCC1D807}.Release|Any CPU.ActiveCfg = Release|Any CPU
		{709D2333-42A7-45E6-B175-E630DCC1D807}.Release|Any CPU.Build.0 = Release|Any CPU
		{18DB08CD-B8CC-4409-9C7C-2906BCAA8827}.Debug|Any CPU.ActiveCfg = Debug|Any CPU
		{18DB08CD-B8CC-4409-9C7C-2906BCAA8827}.Debug|Any CPU.Build.0 = Debug|Any CPU
		{18DB08CD-B8CC-4409-9C7C-2906BCAA8827}.Release|Any CPU.ActiveCfg = Release|Any CPU
		{18DB08CD-B8CC-4409-9C7C-2906BCAA8827}.Release|Any CPU.Build.0 = Release|Any CPU
		{76A5C2E3-6525-45A0-9CE7-649F3235A443}.Debug|Any CPU.ActiveCfg = Debug|Any CPU
		{76A5C2E3-6525-45A0-9CE7-649F3235A443}.Debug|Any CPU.Build.0 = Debug|Any CPU
		{76A5C2E3-6525-45A0-9CE7-649F3235A443}.Release|Any CPU.ActiveCfg = Release|Any CPU
		{76A5C2E3-6525-45A0-9CE7-649F3235A443}.Release|Any CPU.Build.0 = Release|Any CPU
		{2A8D7103-DF64-47B6-A406-8F8559AF7E7F}.Debug|Any CPU.ActiveCfg = Debug|Any CPU
		{2A8D7103-DF64-47B6-A406-8F8559AF7E7F}.Debug|Any CPU.Build.0 = Debug|Any CPU
		{2A8D7103-DF64-47B6-A406-8F8559AF7E7F}.Release|Any CPU.ActiveCfg = Release|Any CPU
		{2A8D7103-DF64-47B6-A406-8F8559AF7E7F}.Release|Any CPU.Build.0 = Release|Any CPU
		{6EBE36A2-F128-4C63-B90A-B700D8C2F2E8}.Debug|Any CPU.ActiveCfg = Debug|Any CPU
		{6EBE36A2-F128-4C63-B90A-B700D8C2F2E8}.Debug|Any CPU.Build.0 = Debug|Any CPU
		{6EBE36A2-F128-4C63-B90A-B700D8C2F2E8}.Release|Any CPU.ActiveCfg = Release|Any CPU
		{6EBE36A2-F128-4C63-B90A-B700D8C2F2E8}.Release|Any CPU.Build.0 = Release|Any CPU
		{6584761E-E51C-408F-BE51-CA0F6269589B}.Debug|Any CPU.ActiveCfg = Debug|Any CPU
		{6584761E-E51C-408F-BE51-CA0F6269589B}.Debug|Any CPU.Build.0 = Debug|Any CPU
		{6584761E-E51C-408F-BE51-CA0F6269589B}.Release|Any CPU.ActiveCfg = Release|Any CPU
		{6584761E-E51C-408F-BE51-CA0F6269589B}.Release|Any CPU.Build.0 = Release|Any CPU
	EndGlobalSection
	GlobalSection(NestedProjects) = preSolution
		{CE61FAA2-0233-451C-991D-4222ED61C84B} = {A0F5CC7E-155F-4726-8DEB-E966950B3FE9}
		{B9490432-737B-4518-B851-9D40FD29B392} = {A0F5CC7E-155F-4726-8DEB-E966950B3FE9}
		{50D8C42C-1BC0-4133-8B70-63A6649DBD74} = {A0F5CC7E-155F-4726-8DEB-E966950B3FE9}
		{BED4832E-A790-42A6-978D-E0C1A215E638} = {A0F5CC7E-155F-4726-8DEB-E966950B3FE9}
		{07326A03-B144-469F-837B-31DD3E0EB1AC} = {A0F5CC7E-155F-4726-8DEB-E966950B3FE9}
		{265FB0C5-2C34-438D-B671-63836954EB5A} = {A0F5CC7E-155F-4726-8DEB-E966950B3FE9}
		{7B55B6D9-4221-4E82-AED6-BEC9A60C99D2} = {A0F5CC7E-155F-4726-8DEB-E966950B3FE9}
		{F0302BE8-188A-4EAF-8391-514CA9352DB3} = {A0F5CC7E-155F-4726-8DEB-E966950B3FE9}
		{3AAEDDBA-5037-4061-84E5-667F89C11F8E} = {A0F5CC7E-155F-4726-8DEB-E966950B3FE9}
		{261EE728-4965-4C0E-B99B-3B188442263A} = {A0F5CC7E-155F-4726-8DEB-E966950B3FE9}
		{4193DF5A-E034-4917-83F4-380E8D7DCF83} = {F88D727A-9F9C-43D9-90B1-D4A02BF8BC98}
		{F7DD4826-1375-42B3-97BA-37685460282E} = {F88D727A-9F9C-43D9-90B1-D4A02BF8BC98}
		{50089D69-50CF-49B7-8939-59C309A22336} = {A0F5CC7E-155F-4726-8DEB-E966950B3FE9}
		{F58E5C6F-407F-4E80-9282-2028E9810F55} = {A0F5CC7E-155F-4726-8DEB-E966950B3FE9}
		{709D2333-42A7-45E6-B175-E630DCC1D807} = {A0F5CC7E-155F-4726-8DEB-E966950B3FE9}
		{18DB08CD-B8CC-4409-9C7C-2906BCAA8827} = {A0F5CC7E-155F-4726-8DEB-E966950B3FE9}
		{76A5C2E3-6525-45A0-9CE7-649F3235A443} = {F88D727A-9F9C-43D9-90B1-D4A02BF8BC98}
		{2A8D7103-DF64-47B6-A406-8F8559AF7E7F} = {EBB55F65-7D07-4281-8D5E-7B0CA88E1AD0}
		{6EBE36A2-F128-4C63-B90A-B700D8C2F2E8} = {EBB55F65-7D07-4281-8D5E-7B0CA88E1AD0}
		{6584761E-E51C-408F-BE51-CA0F6269589B} = {A0F5CC7E-155F-4726-8DEB-E966950B3FE9}
	EndGlobalSection
EndGlobal
